
Microsoft Visual Studio Solution File, Format Version 12.00
# Visual Studio Version 16
VisualStudioVersion = 16.0.29102.190
MinimumVisualStudioVersion = 10.0.40219.1
Project("{FAE04EC0-301F-11D3-BF4B-00C04F79EFBC}") = "SortString", "SortString\SortString.csproj", "{758C6F6F-7F44-4572-A72A-9EBA148E3E77}"
EndProject
Global
	GlobalSection(SolutionConfigurationPlatforms) = preSolution
		Debug|Any CPU = Debug|Any CPU
		Release|Any CPU = Release|Any CPU
	EndGlobalSection
	GlobalSection(ProjectConfigurationPlatforms) = postSolution
		{758C6F6F-7F44-4572-A72A-9EBA148E3E77}.Debug|Any CPU.ActiveCfg = Debug|Any CPU
		{758C6F6F-7F44-4572-A72A-9EBA148E3E77}.Debug|Any CPU.Build.0 = Debug|Any CPU
		{758C6F6F-7F44-4572-A72A-9EBA148E3E77}.Release|Any CPU.ActiveCfg = Release|Any CPU
		{758C6F6F-7F44-4572-A72A-9EBA148E3E77}.Release|Any CPU.Build.0 = Release|Any CPU
	EndGlobalSection
	GlobalSection(SolutionProperties) = preSolution
		HideSolutionNode = FALSE
	EndGlobalSection
	GlobalSection(ExtensibilityGlobals) = postSolution
		SolutionGuid = {C9130568-356D-4E34-86EA-4D8ED8F9F310}
	EndGlobalSection
EndGlobal
